PODS:
  - APParallaxHeader (0.1.3)
  - gtm-oauth2 (0.0.3):
    - gtm-oauth2/Core
    - GTMHTTPFetcher
    - SBJson (~> 3.2)
  - gtm-oauth2/Core (0.0.3):
    - gtm-oauth2/Core/Mac
    - gtm-oauth2/Core/Touch
    - GTMHTTPFetcher
    - SBJson (~> 3.2)
  - gtm-oauth2/Core/Mac (0.0.3):
    - GTMHTTPFetcher
    - SBJson (~> 3.2)
  - gtm-oauth2/Core/Touch (0.0.3):
    - GTMHTTPFetcher
    - SBJson (~> 3.2)
  - GTMHTTPFetcher (1.141)
  - SBJson (3.2)

DEPENDENCIES:
  - APParallaxHeader
  - gtm-oauth2 (~> 0.0.3)

SPEC CHECKSUMS:
  APParallaxHeader: 266806ff19b9ed3fa9d75b3678fb0b031cb14cbe
  gtm-oauth2: 1fdab6672d66a3a8a0382669447399c276e45356
  GTMHTTPFetcher: 0baba9b6c0f9cf6d1d612b310220032925a5de88
  SBJson: 72d7da8a5bf6c236e87194abb10ac573a8bccbef

COCOAPODS: 0.34.4
